// !$*UTF8*$!
{
	archiveVersion = 1;
	classes = {
	};
	objectVersion = 46;
	objects = {

/* Begin PBXBuildFile section */
		234145686419B6DC81D73D12 /* libPods-PowerCardsTests.a in Frameworks */ = {isa = PBXBuildFile; fileRef = 400B161C685E27751BC37EC0 /* libPods-PowerCardsTests.a */; };
		71A4AC80E343DC8EA061FD07 /* Pods_PowerCards.framework in Frameworks */ = {isa = PBXBuildFile; fileRef = D7DE14D40014500F8E479755 /* Pods_PowerCards.framework */; };
		733395261F5161F600041472 /* PowerdeckListTableViewController.swift in Sources */ = {isa = PBXBuildFile; fileRef = 733395251F5161F600041472 /* PowerdeckListTableViewController.swift */; };
		733395281F51620600041472 /* PowerDeckSelectorDelegate.swift in Sources */ = {isa = PBXBuildFile; fileRef = 733395271F51620600041472 /* PowerDeckSelectorDelegate.swift */; };
		7333952A1F51625500041472 /* PowerdecksSplitViewController.swift in Sources */ = {isa = PBXBuildFile; fileRef = 733395291F51625500041472 /* PowerdecksSplitViewController.swift */; };
		7333952C1F51626900041472 /* PowerdeckSplitViewController+PowerdeckSelectorDelegate.swift in Sources */ = {isa = PBXBuildFile; fileRef = 7333952B1F51626900041472 /* PowerdeckSplitViewController+PowerdeckSelectorDelegate.swift */; };
		7333952F1F5163D700041472 /* DeckDetailsTableViewController.swift in Sources */ = {isa = PBXBuildFile; fileRef = 7333952E1F5163D700041472 /* DeckDetailsTableViewController.swift */; };
		733395311F51648A00041472 /* DeckDetailsViewModel.swift in Sources */ = {isa = PBXBuildFile; fileRef = 733395301F51648A00041472 /* DeckDetailsViewModel.swift */; };
		733395341F51679F00041472 /* Set+ItemAt.swift in Sources */ = {isa = PBXBuildFile; fileRef = 733395331F51679F00041472 /* Set+ItemAt.swift */; };
		733B244D1F50D19B0070C5FE /* Powercard+Hashable.swift in Sources */ = {isa = PBXBuildFile; fileRef = 733B244C1F50D19B0070C5FE /* Powercard+Hashable.swift */; };
		733B24501F51594C0070C5FE /* PowerdeckList.swift in Sources */ = {isa = PBXBuildFile; fileRef = 733B244F1F51594C0070C5FE /* PowerdeckList.swift */; };
		733B24521F5159AF0070C5FE /* Powerdeck+Hashable.swift in Sources */ = {isa = PBXBuildFile; fileRef = 733B24511F5159AF0070C5FE /* Powerdeck+Hashable.swift */; };
		733B24541F51602A0070C5FE /* PowerdeckListTableViewController+UITableViewDelegate.swift in Sources */ = {isa = PBXBuildFile; fileRef = 733B24531F51602A0070C5FE /* PowerdeckListTableViewController+UITableViewDelegate.swift */; };
		733B24561F51605B0070C5FE /* PowerdeckListTableViewController+UITableViewDataSource.swift in Sources */ = {isa = PBXBuildFile; fileRef = 733B24551F51605B0070C5FE /* PowerdeckListTableViewController+UITableViewDataSource.swift */; };
		734CB12F1F509E1100059618 /* RemoteService.swift in Sources */ = {isa = PBXBuildFile; fileRef = 734CB12E1F509E1100059618 /* RemoteService.swift */; };
		734CB1351F509F7A00059618 /* Settings.plist in Resources */ = {isa = PBXBuildFile; fileRef = 734CB1341F509F7A00059618 /* Settings.plist */; };
		734CB1371F509FAD00059618 /* AppSettings.swift in Sources */ = {isa = PBXBuildFile; fileRef = 734CB1361F509FAD00059618 /* AppSettings.swift */; };
		734CB1391F50A08B00059618 /* AppSettingKeys.swift in Sources */ = {isa = PBXBuildFile; fileRef = 734CB1381F50A08B00059618 /* AppSettingKeys.swift */; };
		734DCB011F50BC3800CBE709 /* PowerDeckDetailsViewController.swift in Sources */ = {isa = PBXBuildFile; fileRef = 734DCB001F50BC3800CBE709 /* PowerDeckDetailsViewController.swift */; };
		734DCB031F50D10200CBE709 /* Powercard.swift in Sources */ = {isa = PBXBuildFile; fileRef = 734DCB021F50D10200CBE709 /* Powercard.swift */; };
		734DCB051F50D12200CBE709 /* Powerdeck.swift in Sources */ = {isa = PBXBuildFile; fileRef = 734DCB041F50D12200CBE709 /* Powerdeck.swift */; };
		7368C33F1F51C52D00082516 /* EditPowercardViewController+UIImagePickerControllerDelegate.swift in Sources */ = {isa = PBXBuildFile; fileRef = 7368C33E1F51C52D00082516 /* EditPowercardViewController+UIImagePickerControllerDelegate.swift */; };
		737357D21F509AAF00377EAD /* AppDelegate.swift in Sources */ = {isa = PBXBuildFile; fileRef = 737357D11F509AAF00377EAD /* AppDelegate.swift */; };
		737357D71F509AAF00377EAD /* Main.storyboard in Resources */ = {isa = PBXBuildFile; fileRef = 737357D51F509AAF00377EAD /* Main.storyboard */; };
		737357D91F509AAF00377EAD /* Assets.xcassets in Resources */ = {isa = PBXBuildFile; fileRef = 737357D81F509AAF00377EAD /* Assets.xcassets */; };
		737357DC1F509AAF00377EAD /* LaunchScreen.storyboard in Resources */ = {isa = PBXBuildFile; fileRef = 737357DA1F509AAF00377EAD /* LaunchScreen.storyboard */; };
		737357E71F509AAF00377EAD /* PowerCardsTests.swift in Sources */ = {isa = PBXBuildFile; fileRef = 737357E61F509AAF00377EAD /* PowerCardsTests.swift */; };
		73745B151F51CAB40065D968 /* UIViewController+isPresentingForFirstTime.swift in Sources */ = {isa = PBXBuildFile; fileRef = 73745B141F51CAB40065D968 /* UIViewController+isPresentingForFirstTime.swift */; };
		73745B171F51DCA00065D968 /* CLImageToolKeys.swift in Sources */ = {isa = PBXBuildFile; fileRef = 73745B161F51DCA00065D968 /* CLImageToolKeys.swift */; };
		7398EBF51F516B5700F70416 /* TestData.swift in Sources */ = {isa = PBXBuildFile; fileRef = 7398EBF41F516B5700F70416 /* TestData.swift */; };
		7398EBF71F516EDF00F70416 /* DeckDetailsTableViewController+TBEmptyDataSetDelegate.swift in Sources */ = {isa = PBXBuildFile; fileRef = 7398EBF61F516EDF00F70416 /* DeckDetailsTableViewController+TBEmptyDataSetDelegate.swift */; };
		7398EBF91F516FC400F70416 /* DeckDetailsTableViewController+TBEmptyDataSetDataSource.swift in Sources */ = {isa = PBXBuildFile; fileRef = 7398EBF81F516FC400F70416 /* DeckDetailsTableViewController+TBEmptyDataSetDataSource.swift */; };
		7398EBFB1F517DF000F70416 /* Answer.swift in Sources */ = {isa = PBXBuildFile; fileRef = 7398EBFA1F517DF000F70416 /* Answer.swift */; };
		73A7DED61F51A8DB004849C2 /* GetPowercardsRequest.swift in Sources */ = {isa = PBXBuildFile; fileRef = 73A7DED51F51A8DB004849C2 /* GetPowercardsRequest.swift */; };
		73A7DED81F51A9D9004849C2 /* PowercardList.swift in Sources */ = {isa = PBXBuildFile; fileRef = 73A7DED71F51A9D9004849C2 /* PowercardList.swift */; };
		73BC29181F51902800C3EB2C /* EditPowercardViewController.swift in Sources */ = {isa = PBXBuildFile; fileRef = 73BC29171F51902800C3EB2C /* EditPowercardViewController.swift */; };
		73BC291A1F51907500C3EB2C /* PowercardViewModel.swift in Sources */ = {isa = PBXBuildFile; fileRef = 73BC29191F51907500C3EB2C /* PowercardViewModel.swift */; };
		73BC291C1F51958500C3EB2C /* GetPowerdecksRequest.swift in Sources */ = {isa = PBXBuildFile; fileRef = 73BC291B1F51958500C3EB2C /* GetPowerdecksRequest.swift */; };
		73C2FDFA1F519F0A000AAD39 /* JSONInitialziable.swift in Sources */ = {isa = PBXBuildFile; fileRef = 73C2FDF91F519F0A000AAD39 /* JSONInitialziable.swift */; };
		73C2FDFC1F519F85000AAD39 /* TargetParserRequest.swift in Sources */ = {isa = PBXBuildFile; fileRef = 73C2FDFB1F519F85000AAD39 /* TargetParserRequest.swift */; };
		73D78B031F50A7F4009116D2 /* Endpoint.swift in Sources */ = {isa = PBXBuildFile; fileRef = 73D78B021F50A7F4009116D2 /* Endpoint.swift */; };
		73D78B051F50A94E009116D2 /* CreatePowerDeckRequest.swift in Sources */ = {isa = PBXBuildFile; fileRef = 73D78B041F50A94E009116D2 /* CreatePowerDeckRequest.swift */; };
		73D78B061F50A9C9009116D2 /* Request.swift in Sources */ = {isa = PBXBuildFile; fileRef = 73D78B001F50A730009116D2 /* Request.swift */; };
		73D78B081F50AA94009116D2 /* RemoteServiceTests.swift in Sources */ = {isa = PBXBuildFile; fileRef = 73D78B071F50AA94009116D2 /* RemoteServiceTests.swift */; };
		73E1F8C11F51801B00983C73 /* DeckDetailsTableViewController+UITableViewDataSource.swift in Sources */ = {isa = PBXBuildFile; fileRef = 73E1F8C01F51801B00983C73 /* DeckDetailsTableViewController+UITableViewDataSource.swift */; };
		73E1F8C41F518A6F00983C73 /* NotificationKeys.swift in Sources */ = {isa = PBXBuildFile; fileRef = 73E1F8C31F518A6F00983C73 /* NotificationKeys.swift */; };
		73E1F8C61F518E3800983C73 /* DeckDetailsTableViewController+UIImagePickerControllerDelegate.swift in Sources */ = {isa = PBXBuildFile; fileRef = 73E1F8C51F518E3800983C73 /* DeckDetailsTableViewController+UIImagePickerControllerDelegate.swift */; };
		73F69D501F50A3F7000EDB49 /* AppSettingsTests.swift in Sources */ = {isa = PBXBuildFile; fileRef = 73F69D4F1F50A3F7000EDB49 /* AppSettingsTests.swift */; };
		95626DC6FA254A07C6C5BF18 /* libPods-PowerCardsUITests.a in Frameworks */ = {isa = PBXBuildFile; fileRef = 2B2CCB313B4157D59B7528D5 /* libPods-PowerCardsUITests.a */; };
/* End PBXBuildFile section */

/* Begin PBXContainerItemProxy section */
		737357E31F509AAF00377EAD /* PBXContainerItemProxy */ = {
			isa = PBXContainerItemProxy;
			containerPortal = 737357C61F509AAF00377EAD /* Project object */;
			proxyType = 1;
			remoteGlobalIDString = 737357CD1F509AAF00377EAD;
			remoteInfo = PowerCards;
		};
		737357EE1F509AAF00377EAD /* PBXContainerItemProxy */ = {
			isa = PBXContainerItemProxy;
			containerPortal = 737357C61F509AAF00377EAD /* Project object */;
			proxyType = 1;
			remoteGlobalIDString = 737357CD1F509AAF00377EAD;
			remoteInfo = PowerCards;
		};
/* End PBXContainerItemProxy section */

/* Begin PBXFileReference section */
		2B2CCB313B4157D59B7528D5 /* libPods-PowerCardsUITests.a */ = {isa = PBXFileReference; explicitFileType = archive.ar; includeInIndex = 0; path = "libPods-PowerCardsUITests.a"; sourceTree = BUILT_PRODUCTS_DIR; };
		400B161C685E27751BC37EC0 /* libPods-PowerCardsTests.a */ = {isa = PBXFileReference; explicitFileType = archive.ar; includeInIndex = 0; path = "libPods-PowerCardsTests.a"; sourceTree = BUILT_PRODUCTS_DIR; };
		56A6612F3E2F2A0FCE3FAF60 /* Pods-PowerCardsTests.release.xcconfig */ = {isa = PBXFileReference; includeInIndex = 1; lastKnownFileType = text.xcconfig; name = "Pods-PowerCardsTests.release.xcconfig"; path = "Pods/Target Support Files/Pods-PowerCardsTests/Pods-PowerCardsTests.release.xcconfig"; sourceTree = "<group>"; };
		733395251F5161F600041472 /* PowerdeckListTableViewController.swift */ = {isa = PBXFileReference; lastKnownFileType = sourcecode.swift; path = PowerdeckListTableViewController.swift; sourceTree = "<group>"; };
		733395271F51620600041472 /* PowerDeckSelectorDelegate.swift */ = {isa = PBXFileReference; lastKnownFileType = sourcecode.swift; path = PowerDeckSelectorDelegate.swift; sourceTree = "<group>"; };
		733395291F51625500041472 /* PowerdecksSplitViewController.swift */ = {isa = PBXFileReference; lastKnownFileType = sourcecode.swift; path = PowerdecksSplitViewController.swift; sourceTree = "<group>"; };
		7333952B1F51626900041472 /* PowerdeckSplitViewController+PowerdeckSelectorDelegate.swift */ = {isa = PBXFileReference; lastKnownFileType = sourcecode.swift; path = "PowerdeckSplitViewController+PowerdeckSelectorDelegate.swift"; sourceTree = "<group>"; };
		7333952E1F5163D700041472 /* DeckDetailsTableViewController.swift */ = {isa = PBXFileReference; lastKnownFileType = sourcecode.swift; path = DeckDetailsTableViewController.swift; sourceTree = "<group>"; };
		733395301F51648A00041472 /* DeckDetailsViewModel.swift */ = {isa = PBXFileReference; lastKnownFileType = sourcecode.swift; path = DeckDetailsViewModel.swift; sourceTree = "<group>"; };
		733395331F51679F00041472 /* Set+ItemAt.swift */ = {isa = PBXFileReference; lastKnownFileType = sourcecode.swift; path = "Set+ItemAt.swift"; sourceTree = "<group>"; };
		733B244C1F50D19B0070C5FE /* Powercard+Hashable.swift */ = {isa = PBXFileReference; lastKnownFileType = sourcecode.swift; path = "Powercard+Hashable.swift"; sourceTree = "<group>"; };
		733B244F1F51594C0070C5FE /* PowerdeckList.swift */ = {isa = PBXFileReference; lastKnownFileType = sourcecode.swift; path = PowerdeckList.swift; sourceTree = "<group>"; };
		733B24511F5159AF0070C5FE /* Powerdeck+Hashable.swift */ = {isa = PBXFileReference; lastKnownFileType = sourcecode.swift; path = "Powerdeck+Hashable.swift"; sourceTree = "<group>"; };
		733B24531F51602A0070C5FE /* PowerdeckListTableViewController+UITableViewDelegate.swift */ = {isa = PBXFileReference; lastKnownFileType = sourcecode.swift; path = "PowerdeckListTableViewController+UITableViewDelegate.swift"; sourceTree = "<group>"; };
		733B24551F51605B0070C5FE /* PowerdeckListTableViewController+UITableViewDataSource.swift */ = {isa = PBXFileReference; lastKnownFileType = sourcecode.swift; path = "PowerdeckListTableViewController+UITableViewDataSource.swift"; sourceTree = "<group>"; };
		734CB12E1F509E1100059618 /* RemoteService.swift */ = {isa = PBXFileReference; lastKnownFileType = sourcecode.swift; path = RemoteService.swift; sourceTree = "<group>"; };
		734CB1341F509F7A00059618 /* Settings.plist */ = {isa = PBXFileReference; lastKnownFileType = text.plist.xml; path = Settings.plist; sourceTree = "<group>"; };
		734CB1361F509FAD00059618 /* AppSettings.swift */ = {isa = PBXFileReference; lastKnownFileType = sourcecode.swift; path = AppSettings.swift; sourceTree = "<group>"; };
		734CB1381F50A08B00059618 /* AppSettingKeys.swift */ = {isa = PBXFileReference; lastKnownFileType = sourcecode.swift; path = AppSettingKeys.swift; sourceTree = "<group>"; };
		734DCB001F50BC3800CBE709 /* PowerDeckDetailsViewController.swift */ = {isa = PBXFileReference; lastKnownFileType = sourcecode.swift; path = PowerDeckDetailsViewController.swift; sourceTree = "<group>"; };
		734DCB021F50D10200CBE709 /* Powercard.swift */ = {isa = PBXFileReference; lastKnownFileType = sourcecode.swift; path = Powercard.swift; sourceTree = "<group>"; };
		734DCB041F50D12200CBE709 /* Powerdeck.swift */ = {isa = PBXFileReference; lastKnownFileType = sourcecode.swift; path = Powerdeck.swift; sourceTree = "<group>"; };
		7368C33E1F51C52D00082516 /* EditPowercardViewController+UIImagePickerControllerDelegate.swift */ = {isa = PBXFileReference; lastKnownFileType = sourcecode.swift; path = "EditPowercardViewController+UIImagePickerControllerDelegate.swift"; sourceTree = "<group>"; };
		737357CE1F509AAF00377EAD /* PowerCards.app */ = {isa = PBXFileReference; explicitFileType = wrapper.application; includeInIndex = 0; path = PowerCards.app; sourceTree = BUILT_PRODUCTS_DIR; };
		737357D11F509AAF00377EAD /* AppDelegate.swift */ = {isa = PBXFileReference; lastKnownFileType = sourcecode.swift; path = AppDelegate.swift; sourceTree = "<group>"; };
		737357D61F509AAF00377EAD /* Base */ = {isa = PBXFileReference; lastKnownFileType = file.storyboard; name = Base; path = Base.lproj/Main.storyboard; sourceTree = "<group>"; };
		737357D81F509AAF00377EAD /* Assets.xcassets */ = {isa = PBXFileReference; lastKnownFileType = folder.assetcatalog; path = Assets.xcassets; sourceTree = "<group>"; };
		737357DB1F509AAF00377EAD /* Base */ = {isa = PBXFileReference; lastKnownFileType = file.storyboard; name = Base; path = Base.lproj/LaunchScreen.storyboard; sourceTree = "<group>"; };
		737357DD1F509AAF00377EAD /* Info.plist */ = {isa = PBXFileReference; lastKnownFileType = text.plist.xml; path = Info.plist; sourceTree = "<group>"; };
		737357E21F509AAF00377EAD /* PowerCardsTests.xctest */ = {isa = PBXFileReference; explicitFileType = wrapper.cfbundle; includeInIndex = 0; path = PowerCardsTests.xctest; sourceTree = BUILT_PRODUCTS_DIR; };
		737357E61F509AAF00377EAD /* PowerCardsTests.swift */ = {isa = PBXFileReference; lastKnownFileType = sourcecode.swift; path = PowerCardsTests.swift; sourceTree = "<group>"; };
		737357E81F509AAF00377EAD /* Info.plist */ = {isa = PBXFileReference; lastKnownFileType = text.plist.xml; path = Info.plist; sourceTree = "<group>"; };
		737357ED1F509AAF00377EAD /* PowerCardsUITests.xctest */ = {isa = PBXFileReference; explicitFileType = wrapper.cfbundle; includeInIndex = 0; path = PowerCardsUITests.xctest; sourceTree = BUILT_PRODUCTS_DIR; };
		737357F31F509AAF00377EAD /* Info.plist */ = {isa = PBXFileReference; lastKnownFileType = text.plist.xml; path = Info.plist; sourceTree = "<group>"; };
		73745B141F51CAB40065D968 /* UIViewController+isPresentingForFirstTime.swift */ = {isa = PBXFileReference; lastKnownFileType = sourcecode.swift; path = "UIViewController+isPresentingForFirstTime.swift"; sourceTree = "<group>"; };
		73745B161F51DCA00065D968 /* CLImageToolKeys.swift */ = {isa = PBXFileReference; lastKnownFileType = sourcecode.swift; path = CLImageToolKeys.swift; sourceTree = "<group>"; };
		7398EBF41F516B5700F70416 /* TestData.swift */ = {isa = PBXFileReference; lastKnownFileType = sourcecode.swift; path = TestData.swift; sourceTree = "<group>"; };
		7398EBF61F516EDF00F70416 /* DeckDetailsTableViewController+TBEmptyDataSetDelegate.swift */ = {isa = PBXFileReference; lastKnownFileType = sourcecode.swift; path = "DeckDetailsTableViewController+TBEmptyDataSetDelegate.swift"; sourceTree = "<group>"; };
		7398EBF81F516FC400F70416 /* DeckDetailsTableViewController+TBEmptyDataSetDataSource.swift */ = {isa = PBXFileReference; lastKnownFileType = sourcecode.swift; path = "DeckDetailsTableViewController+TBEmptyDataSetDataSource.swift"; sourceTree = "<group>"; };
		7398EBFA1F517DF000F70416 /* Answer.swift */ = {isa = PBXFileReference; lastKnownFileType = sourcecode.swift; path = Answer.swift; sourceTree = "<group>"; };
		73A7DED51F51A8DB004849C2 /* GetPowercardsRequest.swift */ = {isa = PBXFileReference; lastKnownFileType = sourcecode.swift; path = GetPowercardsRequest.swift; sourceTree = "<group>"; };
		73A7DED71F51A9D9004849C2 /* PowercardList.swift */ = {isa = PBXFileReference; lastKnownFileType = sourcecode.swift; path = PowercardList.swift; sourceTree = "<group>"; };
		73BC29171F51902800C3EB2C /* EditPowercardViewController.swift */ = {isa = PBXFileReference; lastKnownFileType = sourcecode.swift; path = EditPowercardViewController.swift; sourceTree = "<group>"; };
		73BC29191F51907500C3EB2C /* PowercardViewModel.swift */ = {isa = PBXFileReference; lastKnownFileType = sourcecode.swift; path = PowercardViewModel.swift; sourceTree = "<group>"; };
		73BC291B1F51958500C3EB2C /* GetPowerdecksRequest.swift */ = {isa = PBXFileReference; lastKnownFileType = sourcecode.swift; path = GetPowerdecksRequest.swift; sourceTree = "<group>"; };
		73C2FDF91F519F0A000AAD39 /* JSONInitialziable.swift */ = {isa = PBXFileReference; lastKnownFileType = sourcecode.swift; path = JSONInitialziable.swift; sourceTree = "<group>"; };
		73C2FDFB1F519F85000AAD39 /* TargetParserRequest.swift */ = {isa = PBXFileReference; lastKnownFileType = sourcecode.swift; path = TargetParserRequest.swift; sourceTree = "<group>"; };
		73D78B001F50A730009116D2 /* Request.swift */ = {isa = PBXFileReference; lastKnownFileType = sourcecode.swift; path = Request.swift; sourceTree = "<group>"; };
		73D78B021F50A7F4009116D2 /* Endpoint.swift */ = {isa = PBXFileReference; lastKnownFileType = sourcecode.swift; path = Endpoint.swift; sourceTree = "<group>"; };
		73D78B041F50A94E009116D2 /* CreatePowerDeckRequest.swift */ = {isa = PBXFileReference; lastKnownFileType = sourcecode.swift; path = CreatePowerDeckRequest.swift; sourceTree = "<group>"; };
		73D78B071F50AA94009116D2 /* RemoteServiceTests.swift */ = {isa = PBXFileReference; lastKnownFileType = sourcecode.swift; path = RemoteServiceTests.swift; sourceTree = "<group>"; };
		73E1F8C01F51801B00983C73 /* DeckDetailsTableViewController+UITableViewDataSource.swift */ = {isa = PBXFileReference; lastKnownFileType = sourcecode.swift; path = "DeckDetailsTableViewController+UITableViewDataSource.swift"; sourceTree = "<group>"; };
		73E1F8C31F518A6F00983C73 /* NotificationKeys.swift */ = {isa = PBXFileReference; lastKnownFileType = sourcecode.swift; path = NotificationKeys.swift; sourceTree = "<group>"; };
		73E1F8C51F518E3800983C73 /* DeckDetailsTableViewController+UIImagePickerControllerDelegate.swift */ = {isa = PBXFileReference; lastKnownFileType = sourcecode.swift; path = "DeckDetailsTableViewController+UIImagePickerControllerDelegate.swift"; sourceTree = "<group>"; };
		73F69D4F1F50A3F7000EDB49 /* AppSettingsTests.swift */ = {isa = PBXFileReference; lastKnownFileType = sourcecode.swift; path = AppSettingsTests.swift; sourceTree = "<group>"; };
		751891EF4CFD8A2CE373AAEA /* Pods-PowerCardsTests.debug.xcconfig */ = {isa = PBXFileReference; includeInIndex = 1; lastKnownFileType = text.xcconfig; name = "Pods-PowerCardsTests.debug.xcconfig"; path = "Pods/Target Support Files/Pods-PowerCardsTests/Pods-PowerCardsTests.debug.xcconfig"; sourceTree = "<group>"; };
		B222C7F44E810CE33C97F843 /* Pods-PowerCardsUITests.release.xcconfig */ = {isa = PBXFileReference; includeInIndex = 1; lastKnownFileType = text.xcconfig; name = "Pods-PowerCardsUITests.release.xcconfig"; path = "Pods/Target Support Files/Pods-PowerCardsUITests/Pods-PowerCardsUITests.release.xcconfig"; sourceTree = "<group>"; };
		C73EE349D635CEC5CC142560 /* Pods-PowerCardsUITests.debug.xcconfig */ = {isa = PBXFileReference; includeInIndex = 1; lastKnownFileType = text.xcconfig; name = "Pods-PowerCardsUITests.debug.xcconfig"; path = "Pods/Target Support Files/Pods-PowerCardsUITests/Pods-PowerCardsUITests.debug.xcconfig"; sourceTree = "<group>"; };
		D7DE14D40014500F8E479755 /* Pods_PowerCards.framework */ = {isa = PBXFileReference; explicitFileType = wrapper.framework; includeInIndex = 0; path = Pods_PowerCards.framework; sourceTree = BUILT_PRODUCTS_DIR; };
		DB3EE13B3EE73FDED0CF221C /* Pods-PowerCards.release.xcconfig */ = {isa = PBXFileReference; includeInIndex = 1; lastKnownFileType = text.xcconfig; name = "Pods-PowerCards.release.xcconfig"; path = "Pods/Target Support Files/Pods-PowerCards/Pods-PowerCards.release.xcconfig"; sourceTree = "<group>"; };
		DF9D22FCC6AA7B58D230022A /* Pods-PowerCards.debug.xcconfig */ = {isa = PBXFileReference; includeInIndex = 1; lastKnownFileType = text.xcconfig; name = "Pods-PowerCards.debug.xcconfig"; path = "Pods/Target Support Files/Pods-PowerCards/Pods-PowerCards.debug.xcconfig"; sourceTree = "<group>"; };
/* End PBXFileReference section */

/* Begin PBXFrameworksBuildPhase section */
		737357CB1F509AAF00377EAD /* Frameworks */ = {
			isa = PBXFrameworksBuildPhase;
			buildActionMask = 2147483647;
			files = (
				71A4AC80E343DC8EA061FD07 /* Pods_PowerCards.framework in Frameworks */,
			);
			runOnlyForDeploymentPostprocessing = 0;
		};
		737357DF1F509AAF00377EAD /* Frameworks */ = {
			isa = PBXFrameworksBuildPhase;
			buildActionMask = 2147483647;
			files = (
				234145686419B6DC81D73D12 /* libPods-PowerCardsTests.a in Frameworks */,
			);
			runOnlyForDeploymentPostprocessing = 0;
		};
		737357EA1F509AAF00377EAD /* Frameworks */ = {
			isa = PBXFrameworksBuildPhase;
			buildActionMask = 2147483647;
			files = (
				95626DC6FA254A07C6C5BF18 /* libPods-PowerCardsUITests.a in Frameworks */,
			);
			runOnlyForDeploymentPostprocessing = 0;
		};
/* End PBXFrameworksBuildPhase section */

/* Begin PBXGroup section */
		41DB69C148D68D54311CF66A /* Pods */ = {
			isa = PBXGroup;
			children = (
				DF9D22FCC6AA7B58D230022A /* Pods-PowerCards.debug.xcconfig */,
				DB3EE13B3EE73FDED0CF221C /* Pods-PowerCards.release.xcconfig */,
				751891EF4CFD8A2CE373AAEA /* Pods-PowerCardsTests.debug.xcconfig */,
				56A6612F3E2F2A0FCE3FAF60 /* Pods-PowerCardsTests.release.xcconfig */,
				C73EE349D635CEC5CC142560 /* Pods-PowerCardsUITests.debug.xcconfig */,
				B222C7F44E810CE33C97F843 /* Pods-PowerCardsUITests.release.xcconfig */,
			);
			name = Pods;
			sourceTree = "<group>";
		};
		7333952D1F5163C400041472 /* DeckDetails */ = {
			isa = PBXGroup;
			children = (
				7333952E1F5163D700041472 /* DeckDetailsTableViewController.swift */,
				73E1F8C51F518E3800983C73 /* DeckDetailsTableViewController+UIImagePickerControllerDelegate.swift */,
				73E1F8C01F51801B00983C73 /* DeckDetailsTableViewController+UITableViewDataSource.swift */,
				7398EBF61F516EDF00F70416 /* DeckDetailsTableViewController+TBEmptyDataSetDelegate.swift */,
				7398EBF81F516FC400F70416 /* DeckDetailsTableViewController+TBEmptyDataSetDataSource.swift */,
			);
			path = DeckDetails;
			sourceTree = "<group>";
		};
		733395321F51679500041472 /* Utils */ = {
			isa = PBXGroup;
			children = (
				73745B141F51CAB40065D968 /* UIViewController+isPresentingForFirstTime.swift */,
				73745B161F51DCA00065D968 /* CLImageToolKeys.swift */,
				733395331F51679F00041472 /* Set+ItemAt.swift */,
				73C2FDF91F519F0A000AAD39 /* JSONInitialziable.swift */,
			);
			path = Utils;
			sourceTree = "<group>";
		};
		733B244E1F5158550070C5FE /* ViewModels */ = {
			isa = PBXGroup;
			children = (
				733B244F1F51594C0070C5FE /* PowerdeckList.swift */,
				73A7DED71F51A9D9004849C2 /* PowercardList.swift */,
				733395301F51648A00041472 /* DeckDetailsViewModel.swift */,
				73BC29191F51907500C3EB2C /* PowercardViewModel.swift */,
			);
			path = ViewModels;
			sourceTree = "<group>";
		};
		733B24571F5161BF0070C5FE /* Decks */ = {
			isa = PBXGroup;
			children = (
				7333952D1F5163C400041472 /* DeckDetails */,
				733395291F51625500041472 /* PowerdecksSplitViewController.swift */,
				7333952B1F51626900041472 /* PowerdeckSplitViewController+PowerdeckSelectorDelegate.swift */,
				733395251F5161F600041472 /* PowerdeckListTableViewController.swift */,
				733B24551F51605B0070C5FE /* PowerdeckListTableViewController+UITableViewDataSource.swift */,
				733B24531F51602A0070C5FE /* PowerdeckListTableViewController+UITableViewDelegate.swift */,
				734DCB001F50BC3800CBE709 /* PowerDeckDetailsViewController.swift */,
				733395271F51620600041472 /* PowerDeckSelectorDelegate.swift */,
			);
			path = Decks;
			sourceTree = "<group>";
		};
		734CB1291F509DC900059618 /* View */ = {
			isa = PBXGroup;
			children = (
				734CB12D1F509DF600059618 /* Storyboards */,
				734CB12C1F509DEF00059618 /* ViewControllers */,
			);
			path = View;
			sourceTree = "<group>";
		};
		734CB12A1F509DD600059618 /* Services */ = {
			isa = PBXGroup;
			children = (
				73D78AFE1F50A716009116D2 /* Networking */,
				734CB1361F509FAD00059618 /* AppSettings.swift */,
				734CB1381F50A08B00059618 /* AppSettingKeys.swift */,
				73E1F8C31F518A6F00983C73 /* NotificationKeys.swift */,
			);
			path = Services;
			sourceTree = "<group>";
		};
		734CB12B1F509DDB00059618 /* Models */ = {
			isa = PBXGroup;
			children = (
				734DCB021F50D10200CBE709 /* Powercard.swift */,
				733B244C1F50D19B0070C5FE /* Powercard+Hashable.swift */,
				734DCB041F50D12200CBE709 /* Powerdeck.swift */,
				733B24511F5159AF0070C5FE /* Powerdeck+Hashable.swift */,
				7398EBFA1F517DF000F70416 /* Answer.swift */,
			);
			path = Models;
			sourceTree = "<group>";
		};
		734CB12C1F509DEF00059618 /* ViewControllers */ = {
			isa = PBXGroup;
			children = (
				73BC29161F51901400C3EB2C /* EditCard */,
				733B24571F5161BF0070C5FE /* Decks */,
			);
			path = ViewControllers;
			sourceTree = "<group>";
		};
		734CB12D1F509DF600059618 /* Storyboards */ = {
			isa = PBXGroup;
			children = (
				737357D51F509AAF00377EAD /* Main.storyboard */,
			);
			path = Storyboards;
			sourceTree = "<group>";
		};
		737357C51F509AAF00377EAD = {
			isa = PBXGroup;
			children = (
				737357D01F509AAF00377EAD /* PowerCards */,
				737357E51F509AAF00377EAD /* PowerCardsTests */,
				737357F01F509AAF00377EAD /* PowerCardsUITests */,
				737357CF1F509AAF00377EAD /* Products */,
				41DB69C148D68D54311CF66A /* Pods */,
				E3EB74F4A7A0D8CBD2CF94B7 /* Frameworks */,
			);
			sourceTree = "<group>";
		};
		737357CF1F509AAF00377EAD /* Products */ = {
			isa = PBXGroup;
			children = (
				737357CE1F509AAF00377EAD /* PowerCards.app */,
				737357E21F509AAF00377EAD /* PowerCardsTests.xctest */,
				737357ED1F509AAF00377EAD /* PowerCardsUITests.xctest */,
			);
			name = Products;
			sourceTree = "<group>";
		};
		737357D01F509AAF00377EAD /* PowerCards */ = {
			isa = PBXGroup;
			children = (
				733395321F51679500041472 /* Utils */,
				733B244E1F5158550070C5FE /* ViewModels */,
				734CB12B1F509DDB00059618 /* Models */,
				734CB12A1F509DD600059618 /* Services */,
				734CB1291F509DC900059618 /* View */,
				737357D11F509AAF00377EAD /* AppDelegate.swift */,
				737357D81F509AAF00377EAD /* Assets.xcassets */,
				737357DA1F509AAF00377EAD /* LaunchScreen.storyboard */,
				737357DD1F509AAF00377EAD /* Info.plist */,
				734CB1341F509F7A00059618 /* Settings.plist */,
				7398EBF41F516B5700F70416 /* TestData.swift */,
			);
			path = PowerCards;
			sourceTree = "<group>";
		};
		737357E51F509AAF00377EAD /* PowerCardsTests */ = {
			isa = PBXGroup;
			children = (
				737357E61F509AAF00377EAD /* PowerCardsTests.swift */,
				737357E81F509AAF00377EAD /* Info.plist */,
				73F69D4F1F50A3F7000EDB49 /* AppSettingsTests.swift */,
				73D78B071F50AA94009116D2 /* RemoteServiceTests.swift */,
			);
			path = PowerCardsTests;
			sourceTree = "<group>";
		};
		737357F01F509AAF00377EAD /* PowerCardsUITests */ = {
			isa = PBXGroup;
			children = (
				737357F31F509AAF00377EAD /* Info.plist */,
			);
			path = PowerCardsUITests;
			sourceTree = "<group>";
		};
		73BC29161F51901400C3EB2C /* EditCard */ = {
			isa = PBXGroup;
			children = (
				73BC29171F51902800C3EB2C /* EditPowercardViewController.swift */,
				7368C33E1F51C52D00082516 /* EditPowercardViewController+UIImagePickerControllerDelegate.swift */,
			);
			path = EditCard;
			sourceTree = "<group>";
		};
		73D78AFE1F50A716009116D2 /* Networking */ = {
			isa = PBXGroup;
			children = (
				73D78AFF1F50A720009116D2 /* Requests */,
				734CB12E1F509E1100059618 /* RemoteService.swift */,
				73D78B021F50A7F4009116D2 /* Endpoint.swift */,
			);
			path = Networking;
			sourceTree = "<group>";
		};
		73D78AFF1F50A720009116D2 /* Requests */ = {
			isa = PBXGroup;
			children = (
				73D78B001F50A730009116D2 /* Request.swift */,
				73C2FDFB1F519F85000AAD39 /* TargetParserRequest.swift */,
				73D78B041F50A94E009116D2 /* CreatePowerDeckRequest.swift */,
				73BC291B1F51958500C3EB2C /* GetPowerdecksRequest.swift */,
				73A7DED51F51A8DB004849C2 /* GetPowercardsRequest.swift */,
			);
			path = Requests;
			sourceTree = "<group>";
		};
		E3EB74F4A7A0D8CBD2CF94B7 /* Frameworks */ = {
			isa = PBXGroup;
			children = (
				D7DE14D40014500F8E479755 /* Pods_PowerCards.framework */,
				400B161C685E27751BC37EC0 /* libPods-PowerCardsTests.a */,
				2B2CCB313B4157D59B7528D5 /* libPods-PowerCardsUITests.a */,
			);
			name = Frameworks;
			sourceTree = "<group>";
		};
/* End PBXGroup section */

/* Begin PBXNativeTarget section */
		737357CD1F509AAF00377EAD /* PowerCards */ = {
			isa = PBXNativeTarget;
			buildConfigurationList = 737357F61F509AAF00377EAD /* Build configuration list for PBXNativeTarget "PowerCards" */;
			buildPhases = (
				A2A2BE212A4AC4FCDEF8D323 /* [CP] Check Pods Manifest.lock */,
				737357CA1F509AAF00377EAD /* Sources */,
				737357CB1F509AAF00377EAD /* Frameworks */,
				737357CC1F509AAF00377EAD /* Resources */,
				B5D1AEDBC4D78E374258A751 /* [CP] Embed Pods Frameworks */,
				D78CBDBAD6C01B854B6498DE /* [CP] Copy Pods Resources */,
			);
			buildRules = (
			);
			dependencies = (
			);
			name = PowerCards;
			productName = PowerCards;
			productReference = 737357CE1F509AAF00377EAD /* PowerCards.app */;
			productType = "com.apple.product-type.application";
		};
		737357E11F509AAF00377EAD /* PowerCardsTests */ = {
			isa = PBXNativeTarget;
			buildConfigurationList = 737357F91F509AAF00377EAD /* Build configuration list for PBXNativeTarget "PowerCardsTests" */;
			buildPhases = (
				81CD4BB742CCF08DE2529295 /* [CP] Check Pods Manifest.lock */,
				737357DE1F509AAF00377EAD /* Sources */,
				737357DF1F509AAF00377EAD /* Frameworks */,
				737357E01F509AAF00377EAD /* Resources */,
				6F5E43085FA9D14ED7B79B4F /* [CP] Embed Pods Frameworks */,
				477D31231B9BD923C473762F /* [CP] Copy Pods Resources */,
			);
			buildRules = (
			);
			dependencies = (
				737357E41F509AAF00377EAD /* PBXTargetDependency */,
			);
			name = PowerCardsTests;
			productName = PowerCardsTests;
			productReference = 737357E21F509AAF00377EAD /* PowerCardsTests.xctest */;
			productType = "com.apple.product-type.bundle.unit-test";
		};
		737357EC1F509AAF00377EAD /* PowerCardsUITests */ = {
			isa = PBXNativeTarget;
			buildConfigurationList = 737357FC1F509AAF00377EAD /* Build configuration list for PBXNativeTarget "PowerCardsUITests" */;
			buildPhases = (
				8A4A57F54D5A30357306B4AE /* [CP] Check Pods Manifest.lock */,
				737357E91F509AAF00377EAD /* Sources */,
				737357EA1F509AAF00377EAD /* Frameworks */,
				737357EB1F509AAF00377EAD /* Resources */,
				20D7C7714F14AB55E533343F /* [CP] Embed Pods Frameworks */,
				CFD5CCDE60354921C80EDCF6 /* [CP] Copy Pods Resources */,
			);
			buildRules = (
			);
			dependencies = (
				737357EF1F509AAF00377EAD /* PBXTargetDependency */,
			);
			name = PowerCardsUITests;
			productName = PowerCardsUITests;
			productReference = 737357ED1F509AAF00377EAD /* PowerCardsUITests.xctest */;
			productType = "com.apple.product-type.bundle.ui-testing";
		};
/* End PBXNativeTarget section */

/* Begin PBXProject section */
		737357C61F509AAF00377EAD /* Project object */ = {
			isa = PBXProject;
			attributes = {
				LastSwiftUpdateCheck = 0830;
				LastUpgradeCheck = 0900;
				ORGANIZATIONNAME = Powercards;
				TargetAttributes = {
					737357CD1F509AAF00377EAD = {
						CreatedOnToolsVersion = 8.3.3;
						DevelopmentTeam = FCGED7Q6S2;
						LastSwiftMigration = 0900;
						ProvisioningStyle = Automatic;
					};
					737357E11F509AAF00377EAD = {
						CreatedOnToolsVersion = 8.3.3;
						DevelopmentTeam = FCGED7Q6S2;
						LastSwiftMigration = 0900;
						ProvisioningStyle = Automatic;
						TestTargetID = 737357CD1F509AAF00377EAD;
					};
					737357EC1F509AAF00377EAD = {
						CreatedOnToolsVersion = 8.3.3;
						DevelopmentTeam = FCGED7Q6S2;
						LastSwiftMigration = 0900;
						ProvisioningStyle = Automatic;
						TestTargetID = 737357CD1F509AAF00377EAD;
					};
				};
			};
			buildConfigurationList = 737357C91F509AAF00377EAD /* Build configuration list for PBXProject "PowerCards" */;
			compatibilityVersion = "Xcode 3.2";
			developmentRegion = English;
			hasScannedForEncodings = 0;
			knownRegions = (
				en,
				Base,
			);
			mainGroup = 737357C51F509AAF00377EAD;
			productRefGroup = 737357CF1F509AAF00377EAD /* Products */;
			projectDirPath = "";
			projectRoot = "";
			targets = (
				737357CD1F509AAF00377EAD /* PowerCards */,
				737357E11F509AAF00377EAD /* PowerCardsTests */,
				737357EC1F509AAF00377EAD /* PowerCardsUITests */,
			);
		};
/* End PBXProject section */

/* Begin PBXResourcesBuildPhase section */
		737357CC1F509AAF00377EAD /* Resources */ = {
			isa = PBXResourcesBuildPhase;
			buildActionMask = 2147483647;
			files = (
				737357DC1F509AAF00377EAD /* LaunchScreen.storyboard in Resources */,
				734CB1351F509F7A00059618 /* Settings.plist in Resources */,
				737357D91F509AAF00377EAD /* Assets.xcassets in Resources */,
				737357D71F509AAF00377EAD /* Main.storyboard in Resources */,
			);
			runOnlyForDeploymentPostprocessing = 0;
		};
		737357E01F509AAF00377EAD /* Resources */ = {
			isa = PBXResourcesBuildPhase;
			buildActionMask = 2147483647;
			files = (
			);
			runOnlyForDeploymentPostprocessing = 0;
		};
		737357EB1F509AAF00377EAD /* Resources */ = {
			isa = PBXResourcesBuildPhase;
			buildActionMask = 2147483647;
			files = (
			);
			runOnlyForDeploymentPostprocessing = 0;
		};
/* End PBXResourcesBuildPhase section */

/* Begin PBXShellScriptBuildPhase section */
		20D7C7714F14AB55E533343F /* [CP] Embed Pods Frameworks */ = {
			isa = PBXShellScriptBuildPhase;
			buildActionMask = 2147483647;
			files = (
			);
			inputPaths = (
			);
			name = "[CP] Embed Pods Frameworks";
			outputPaths = (
			);
			runOnlyForDeploymentPostprocessing = 0;
			shellPath = /bin/sh;
			shellScript = "\"${SRCROOT}/Pods/Target Support Files/Pods-PowerCardsUITests/Pods-PowerCardsUITests-frameworks.sh\"\n";
			showEnvVarsInLog = 0;
		};
		477D31231B9BD923C473762F /* [CP] Copy Pods Resources */ = {
			isa = PBXShellScriptBuildPhase;
			buildActionMask = 2147483647;
			files = (
			);
			inputPaths = (
			);
			name = "[CP] Copy Pods Resources";
			outputPaths = (
			);
			runOnlyForDeploymentPostprocessing = 0;
			shellPath = /bin/sh;
			shellScript = "\"${SRCROOT}/Pods/Target Support Files/Pods-PowerCardsTests/Pods-PowerCardsTests-resources.sh\"\n";
			showEnvVarsInLog = 0;
		};
		6F5E43085FA9D14ED7B79B4F /* [CP] Embed Pods Frameworks */ = {
			isa = PBXShellScriptBuildPhase;
			buildActionMask = 2147483647;
			files = (
			);
			inputPaths = (
			);
			name = "[CP] Embed Pods Frameworks";
			outputPaths = (
			);
			runOnlyForDeploymentPostprocessing = 0;
			shellPath = /bin/sh;
			shellScript = "\"${SRCROOT}/Pods/Target Support Files/Pods-PowerCardsTests/Pods-PowerCardsTests-frameworks.sh\"\n";
			showEnvVarsInLog = 0;
		};
		81CD4BB742CCF08DE2529295 /* [CP] Check Pods Manifest.lock */ = {
			isa = PBXShellScriptBuildPhase;
			buildActionMask = 2147483647;
			files = (
			);
			inputPaths = (
			);
			name = "[CP] Check Pods Manifest.lock";
			outputPaths = (
			);
			runOnlyForDeploymentPostprocessing = 0;
			shellPath = /bin/sh;
			shellScript = "diff \"${PODS_PODFILE_DIR_PATH}/Podfile.lock\" \"${PODS_ROOT}/Manifest.lock\" > /dev/null\nif [ $? != 0 ] ; then\n    # print error to STDERR\n    echo \"error: The sandbox is not in sync with the Podfile.lock. Run 'pod install' or update your CocoaPods installation.\" >&2\n    exit 1\nfi\n";
			showEnvVarsInLog = 0;
		};
		8A4A57F54D5A30357306B4AE /* [CP] Check Pods Manifest.lock */ = {
			isa = PBXShellScriptBuildPhase;
			buildActionMask = 2147483647;
			files = (
			);
			inputPaths = (
			);
			name = "[CP] Check Pods Manifest.lock";
			outputPaths = (
			);
			runOnlyForDeploymentPostprocessing = 0;
			shellPath = /bin/sh;
			shellScript = "diff \"${PODS_PODFILE_DIR_PATH}/Podfile.lock\" \"${PODS_ROOT}/Manifest.lock\" > /dev/null\nif [ $? != 0 ] ; then\n    # print error to STDERR\n    echo \"error: The sandbox is not in sync with the Podfile.lock. Run 'pod install' or update your CocoaPods installation.\" >&2\n    exit 1\nfi\n";
			showEnvVarsInLog = 0;
		};
		A2A2BE212A4AC4FCDEF8D323 /* [CP] Check Pods Manifest.lock */ = {
			isa = PBXShellScriptBuildPhase;
			buildActionMask = 2147483647;
			files = (
			);
			inputPaths = (
			);
			name = "[CP] Check Pods Manifest.lock";
			outputPaths = (
			);
			runOnlyForDeploymentPostprocessing = 0;
			shellPath = /bin/sh;
			shellScript = "diff \"${PODS_PODFILE_DIR_PATH}/Podfile.lock\" \"${PODS_ROOT}/Manifest.lock\" > /dev/null\nif [ $? != 0 ] ; then\n    # print error to STDERR\n    echo \"error: The sandbox is not in sync with the Podfile.lock. Run 'pod install' or update your CocoaPods installation.\" >&2\n    exit 1\nfi\n";
			showEnvVarsInLog = 0;
		};
		B5D1AEDBC4D78E374258A751 /* [CP] Embed Pods Frameworks */ = {
			isa = PBXShellScriptBuildPhase;
			buildActionMask = 2147483647;
			files = (
			);
			inputPaths = (
			);
			name = "[CP] Embed Pods Frameworks";
			outputPaths = (
			);
			runOnlyForDeploymentPostprocessing = 0;
			shellPath = /bin/sh;
			shellScript = "\"${SRCROOT}/Pods/Target Support Files/Pods-PowerCards/Pods-PowerCards-frameworks.sh\"\n";
			showEnvVarsInLog = 0;
		};
		CFD5CCDE60354921C80EDCF6 /* [CP] Copy Pods Resources */ = {
			isa = PBXShellScriptBuildPhase;
			buildActionMask = 2147483647;
			files = (
			);
			inputPaths = (
			);
			name = "[CP] Copy Pods Resources";
			outputPaths = (
			);
			runOnlyForDeploymentPostprocessing = 0;
			shellPath = /bin/sh;
			shellScript = "\"${SRCROOT}/Pods/Target Support Files/Pods-PowerCardsUITests/Pods-PowerCardsUITests-resources.sh\"\n";
			showEnvVarsInLog = 0;
		};
		D78CBDBAD6C01B854B6498DE /* [CP] Copy Pods Resources */ = {
			isa = PBXShellScriptBuildPhase;
			buildActionMask = 2147483647;
			files = (
			);
			inputPaths = (
			);
			name = "[CP] Copy Pods Resources";
			outputPaths = (
			);
			runOnlyForDeploymentPostprocessing = 0;
			shellPath = /bin/sh;
			shellScript = "\"${SRCROOT}/Pods/Target Support Files/Pods-PowerCards/Pods-PowerCards-resources.sh\"\n";
			showEnvVarsInLog = 0;
		};
/* End PBXShellScriptBuildPhase section */

/* Begin PBXSourcesBuildPhase section */
		737357CA1F509AAF00377EAD /* Sources */ = {
			isa = PBXSourcesBuildPhase;
			buildActionMask = 2147483647;
			files = (
				73E1F8C41F518A6F00983C73 /* NotificationKeys.swift in Sources */,
				73A7DED81F51A9D9004849C2 /* PowercardList.swift in Sources */,
				7368C33F1F51C52D00082516 /* EditPowercardViewController+UIImagePickerControllerDelegate.swift in Sources */,
				7333952A1F51625500041472 /* PowerdecksSplitViewController.swift in Sources */,
				73BC29181F51902800C3EB2C /* EditPowercardViewController.swift in Sources */,
				734DCB011F50BC3800CBE709 /* PowerDeckDetailsViewController.swift in Sources */,
				733B244D1F50D19B0070C5FE /* Powercard+Hashable.swift in Sources */,
				7398EBF71F516EDF00F70416 /* DeckDetailsTableViewController+TBEmptyDataSetDelegate.swift in Sources */,
				73A7DED61F51A8DB004849C2 /* GetPowercardsRequest.swift in Sources */,
				733B24501F51594C0070C5FE /* PowerdeckList.swift in Sources */,
				733395341F51679F00041472 /* Set+ItemAt.swift in Sources */,
				7398EBF91F516FC400F70416 /* DeckDetailsTableViewController+TBEmptyDataSetDataSource.swift in Sources */,
				73E1F8C61F518E3800983C73 /* DeckDetailsTableViewController+UIImagePickerControllerDelegate.swift in Sources */,
				7398EBFB1F517DF000F70416 /* Answer.swift in Sources */,
				733395281F51620600041472 /* PowerDeckSelectorDelegate.swift in Sources */,
				73D78B061F50A9C9009116D2 /* Request.swift in Sources */,
				73C2FDFC1F519F85000AAD39 /* TargetParserRequest.swift in Sources */,
				733B24561F51605B0070C5FE /* PowerdeckListTableViewController+UITableViewDataSource.swift in Sources */,
				733B24521F5159AF0070C5FE /* Powerdeck+Hashable.swift in Sources */,
				73D78B051F50A94E009116D2 /* CreatePowerDeckRequest.swift in Sources */,
				73E1F8C11F51801B00983C73 /* DeckDetailsTableViewController+UITableViewDataSource.swift in Sources */,
				7398EBF51F516B5700F70416 /* TestData.swift in Sources */,
				734DCB031F50D10200CBE709 /* Powercard.swift in Sources */,
				733395261F5161F600041472 /* PowerdeckListTableViewController.swift in Sources */,
				734DCB051F50D12200CBE709 /* Powerdeck.swift in Sources */,
				73BC291C1F51958500C3EB2C /* GetPowerdecksRequest.swift in Sources */,
				7333952C1F51626900041472 /* PowerdeckSplitViewController+PowerdeckSelectorDelegate.swift in Sources */,
				733395311F51648A00041472 /* DeckDetailsViewModel.swift in Sources */,
				733B24541F51602A0070C5FE /* PowerdeckListTableViewController+UITableViewDelegate.swift in Sources */,
				73C2FDFA1F519F0A000AAD39 /* JSONInitialziable.swift in Sources */,
				734CB1391F50A08B00059618 /* AppSettingKeys.swift in Sources */,
				7333952F1F5163D700041472 /* DeckDetailsTableViewController.swift in Sources */,
				734CB12F1F509E1100059618 /* RemoteService.swift in Sources */,
				73745B151F51CAB40065D968 /* UIViewController+isPresentingForFirstTime.swift in Sources */,
				73745B171F51DCA00065D968 /* CLImageToolKeys.swift in Sources */,
				734CB1371F509FAD00059618 /* AppSettings.swift in Sources */,
				73D78B031F50A7F4009116D2 /* Endpoint.swift in Sources */,
				73BC291A1F51907500C3EB2C /* PowercardViewModel.swift in Sources */,
				737357D21F509AAF00377EAD /* AppDelegate.swift in Sources */,
			);
			runOnlyForDeploymentPostprocessing = 0;
		};
		737357DE1F509AAF00377EAD /* Sources */ = {
			isa = PBXSourcesBuildPhase;
			buildActionMask = 2147483647;
			files = (
				73F69D501F50A3F7000EDB49 /* AppSettingsTests.swift in Sources */,
				73D78B081F50AA94009116D2 /* RemoteServiceTests.swift in Sources */,
				737357E71F509AAF00377EAD /* PowerCardsTests.swift in Sources */,
			);
			runOnlyForDeploymentPostprocessing = 0;
		};
		737357E91F509AAF00377EAD /* Sources */ = {
			isa = PBXSourcesBuildPhase;
			buildActionMask = 2147483647;
			files = (
			);
			runOnlyForDeploymentPostprocessing = 0;
		};
/* End PBXSourcesBuildPhase section */

/* Begin PBXTargetDependency section */
		737357E41F509AAF00377EAD /* PBXTargetDependency */ = {
			isa = PBXTargetDependency;
			target = 737357CD1F509AAF00377EAD /* PowerCards */;
			targetProxy = 737357E31F509AAF00377EAD /* PBXContainerItemProxy */;
		};
		737357EF1F509AAF00377EAD /* PBXTargetDependency */ = {
			isa = PBXTargetDependency;
			target = 737357CD1F509AAF00377EAD /* PowerCards */;
			targetProxy = 737357EE1F509AAF00377EAD /* PBXContainerItemProxy */;
		};
/* End PBXTargetDependency section */

/* Begin PBXVariantGroup section */
		737357D51F509AAF00377EAD /* Main.storyboard */ = {
			isa = PBXVariantGroup;
			children = (
				737357D61F509AAF00377EAD /* Base */,
			);
			name = Main.storyboard;
			sourceTree = "<group>";
		};
		737357DA1F509AAF00377EAD /* LaunchScreen.storyboard */ = {
			isa = PBXVariantGroup;
			children = (
				737357DB1F509AAF00377EAD /* Base */,
			);
			name = LaunchScreen.storyboard;
			sourceTree = "<group>";
		};
/* End PBXVariantGroup section */

/* Begin XCBuildConfiguration section */
		737357F41F509AAF00377EAD /* Debug */ = {
			isa = XCBuildConfiguration;
			buildSettings = {
				ALWAYS_SEARCH_USER_PATHS = NO;
				CLANG_ANALYZER_NONNULL = YES;
				CLANG_ANALYZER_NUMBER_OBJECT_CONVERSION = YES_AGGRESSIVE;
				CLANG_CXX_LANGUAGE_STANDARD = "gnu++0x";
				CLANG_CXX_LIBRARY = "libc++";
				CLANG_ENABLE_MODULES = YES;
				CLANG_ENABLE_OBJC_ARC = YES;
				CLANG_WARN_BLOCK_CAPTURE_AUTORELEASING = YES;
				CLANG_WARN_BOOL_CONVERSION = YES;
				CLANG_WARN_COMMA = YES;
				CLANG_WARN_CONSTANT_CONVERSION = YES;
				CLANG_WARN_DIRECT_OBJC_ISA_USAGE = YES_ERROR;
				CLANG_WARN_DOCUMENTATION_COMMENTS = YES;
				CLANG_WARN_EMPTY_BODY = YES;
				CLANG_WARN_ENUM_CONVERSION = YES;
				CLANG_WARN_INFINITE_RECURSION = YES;
				CLANG_WARN_INT_CONVERSION = YES;
				CLANG_WARN_NON_LITERAL_NULL_CONVERSION = YES;
				CLANG_WARN_OBJC_LITERAL_CONVERSION = YES;
				CLANG_WARN_OBJC_ROOT_CLASS = YES_ERROR;
				CLANG_WARN_RANGE_LOOP_ANALYSIS = YES;
				CLANG_WARN_STRICT_PROTOTYPES = YES;
				CLANG_WARN_SUSPICIOUS_MOVE = YES;
				CLANG_WARN_UNREACHABLE_CODE = YES;
				CLANG_WARN__DUPLICATE_METHOD_MATCH = YES;
				"CODE_SIGN_IDENTITY[sdk=iphoneos*]" = "iPhone Developer";
				COPY_PHASE_STRIP = NO;
				DEBUG_INFORMATION_FORMAT = dwarf;
				ENABLE_STRICT_OBJC_MSGSEND = YES;
				ENABLE_TESTABILITY = YES;
				GCC_C_LANGUAGE_STANDARD = gnu99;
				GCC_DYNAMIC_NO_PIC = NO;
				GCC_NO_COMMON_BLOCKS = YES;
				GCC_OPTIMIZATION_LEVEL = 0;
				GCC_PREPROCESSOR_DEFINITIONS = (
					"DEBUG=1",
					"$(inherited)",
				);
				GCC_WARN_64_TO_32_BIT_CONVERSION = YES;
				GCC_WARN_ABOUT_RETURN_TYPE = YES_ERROR;
				GCC_WARN_UNDECLARED_SELECTOR = YES;
				GCC_WARN_UNINITIALIZED_AUTOS = YES_AGGRESSIVE;
				GCC_WARN_UNUSED_FUNCTION = YES;
				GCC_WARN_UNUSED_VARIABLE = YES;
				IPHONEOS_DEPLOYMENT_TARGET = 10.3;
				MTL_ENABLE_DEBUG_INFO = YES;
				ONLY_ACTIVE_ARCH = YES;
				SDKROOT = iphoneos;
				SWIFT_ACTIVE_COMPILATION_CONDITIONS = DEBUG;
				SWIFT_OPTIMIZATION_LEVEL = "-Onone";
				TARGETED_DEVICE_FAMILY = "1,2";
			};
			name = Debug;
		};
		737357F51F509AAF00377EAD /* Release */ = {
			isa = XCBuildConfiguration;
			buildSettings = {
				ALWAYS_SEARCH_USER_PATHS = NO;
				CLANG_ANALYZER_NONNULL = YES;
				CLANG_ANALYZER_NUMBER_OBJECT_CONVERSION = YES_AGGRESSIVE;
				CLANG_CXX_LANGUAGE_STANDARD = "gnu++0x";
				CLANG_CXX_LIBRARY = "libc++";
				CLANG_ENABLE_MODULES = YES;
				CLANG_ENABLE_OBJC_ARC = YES;
				CLANG_WARN_BLOCK_CAPTURE_AUTORELEASING = YES;
				CLANG_WARN_BOOL_CONVERSION = YES;
				CLANG_WARN_COMMA = YES;
				CLANG_WARN_CONSTANT_CONVERSION = YES;
				CLANG_WARN_DIRECT_OBJC_ISA_USAGE = YES_ERROR;
				CLANG_WARN_DOCUMENTATION_COMMENTS = YES;
				CLANG_WARN_EMPTY_BODY = YES;
				CLANG_WARN_ENUM_CONVERSION = YES;
				CLANG_WARN_INFINITE_RECURSION = YES;
				CLANG_WARN_INT_CONVERSION = YES;
				CLANG_WARN_NON_LITERAL_NULL_CONVERSION = YES;
				CLANG_WARN_OBJC_LITERAL_CONVERSION = YES;
				CLANG_WARN_OBJC_ROOT_CLASS = YES_ERROR;
				CLANG_WARN_RANGE_LOOP_ANALYSIS = YES;
				CLANG_WARN_STRICT_PROTOTYPES = YES;
				CLANG_WARN_SUSPICIOUS_MOVE = YES;
				CLANG_WARN_UNREACHABLE_CODE = YES;
				CLANG_WARN__DUPLICATE_METHOD_MATCH = YES;
				"CODE_SIGN_IDENTITY[sdk=iphoneos*]" = "iPhone Developer";
				COPY_PHASE_STRIP = NO;
				DEBUG_INFORMATION_FORMAT = "dwarf-with-dsym";
				ENABLE_NS_ASSERTIONS = NO;
				ENABLE_STRICT_OBJC_MSGSEND = YES;
				GCC_C_LANGUAGE_STANDARD = gnu99;
				GCC_NO_COMMON_BLOCKS = YES;
				GCC_WARN_64_TO_32_BIT_CONVERSION = YES;
				GCC_WARN_ABOUT_RETURN_TYPE = YES_ERROR;
				GCC_WARN_UNDECLARED_SELECTOR = YES;
				GCC_WARN_UNINITIALIZED_AUTOS = YES_AGGRESSIVE;
				GCC_WARN_UNUSED_FUNCTION = YES;
				GCC_WARN_UNUSED_VARIABLE = YES;
				IPHONEOS_DEPLOYMENT_TARGET = 10.3;
				MTL_ENABLE_DEBUG_INFO = NO;
				SDKROOT = iphoneos;
				SWIFT_OPTIMIZATION_LEVEL = "-Owholemodule";
				TARGETED_DEVICE_FAMILY = "1,2";
				VALIDATE_PRODUCT = YES;
			};
			name = Release;
		};
		737357F71F509AAF00377EAD /* Debug */ = {
			isa = XCBuildConfiguration;
			baseConfigurationReference = DF9D22FCC6AA7B58D230022A /* Pods-PowerCards.debug.xcconfig */;
			buildSettings = {
				ASSETCATALOG_COMPILER_APPICON_NAME = AppIcon;
				DEVELOPMENT_TEAM = FCGED7Q6S2;
				INFOPLIST_FILE = PowerCards/Info.plist;
				LD_RUNPATH_SEARCH_PATHS = "$(inherited) @executable_path/Frameworks";
				PRODUCT_BUNDLE_IDENTIFIER = com.powercards.PowerCards;
				PRODUCT_NAME = "$(TARGET_NAME)";
				SWIFT_VERSION = 3.0;
			};
			name = Debug;
		};
		737357F81F509AAF00377EAD /* Release */ = {
			isa = XCBuildConfiguration;
			baseConfigurationReference = DB3EE13B3EE73FDED0CF221C /* Pods-PowerCards.release.xcconfig */;
			buildSettings = {
				ASSETCATALOG_COMPILER_APPICON_NAME = AppIcon;
				DEVELOPMENT_TEAM = FCGED7Q6S2;
				INFOPLIST_FILE = PowerCards/Info.plist;
				LD_RUNPATH_SEARCH_PATHS = "$(inherited) @executable_path/Frameworks";
				PRODUCT_BUNDLE_IDENTIFIER = com.powercards.PowerCards;
				PRODUCT_NAME = "$(TARGET_NAME)";
				SWIFT_VERSION = 3.0;
			};
			name = Release;
		};
		737357FA1F509AAF00377EAD /* Debug */ = {
			isa = XCBuildConfiguration;
			baseConfigurationReference = 751891EF4CFD8A2CE373AAEA /* Pods-PowerCardsTests.debug.xcconfig */;
			buildSettings = {
				ALWAYS_EMBED_SWIFT_STANDARD_LIBRARIES = YES;
				BUNDLE_LOADER = "$(TEST_HOST)";
				DEVELOPMENT_TEAM = FCGED7Q6S2;
				INFOPLIST_FILE = PowerCardsTests/Info.plist;
				LD_RUNPATH_SEARCH_PATHS = "$(inherited) @executable_path/Frameworks @loader_path/Frameworks";
				PRODUCT_BUNDLE_IDENTIFIER = com.powercards.PowerCardsTests;
				PRODUCT_NAME = "$(TARGET_NAME)";
				SWIFT_VERSION = 3.0;
				TEST_HOST = "$(BUILT_PRODUCTS_DIR)/PowerCards.app/PowerCards";
			};
			name = Debug;
		};
		737357FB1F509AAF00377EAD /* Release */ = {
			isa = XCBuildConfiguration;
			baseConfigurationReference = 56A6612F3E2F2A0FCE3FAF60 /* Pods-PowerCardsTests.release.xcconfig */;
			buildSettings = {
				ALWAYS_EMBED_SWIFT_STANDARD_LIBRARIES = YES;
				BUNDLE_LOADER = "$(TEST_HOST)";
				DEVELOPMENT_TEAM = FCGED7Q6S2;
				INFOPLIST_FILE = PowerCardsTests/Info.plist;
				LD_RUNPATH_SEARCH_PATHS = "$(inherited) @executable_path/Frameworks @loader_path/Frameworks";
				PRODUCT_BUNDLE_IDENTIFIER = com.powercards.PowerCardsTests;
				PRODUCT_NAME = "$(TARGET_NAME)";
				SWIFT_VERSION = 3.0;
				TEST_HOST = "$(BUILT_PRODUCTS_DIR)/PowerCards.app/PowerCards";
			};
			name = Release;
		};
		737357FD1F509AAF00377EAD /* Debug */ = {
			isa = XCBuildConfiguration;
			baseConfigurationReference = C73EE349D635CEC5CC142560 /* Pods-PowerCardsUITests.debug.xcconfig */;
			buildSettings = {
				ALWAYS_EMBED_SWIFT_STANDARD_LIBRARIES = YES;
				DEVELOPMENT_TEAM = FCGED7Q6S2;
				INFOPLIST_FILE = PowerCardsUITests/Info.plist;
				LD_RUNPATH_SEARCH_PATHS = "$(inherited) @executable_path/Frameworks @loader_path/Frameworks";
				PRODUCT_BUNDLE_IDENTIFIER = com.powercards.PowerCardsUITests;
				PRODUCT_NAME = "$(TARGET_NAME)";
				SWIFT_VERSION = 3.0;
				TEST_TARGET_NAME = PowerCards;
			};
			name = Debug;
		};
		737357FE1F509AAF00377EAD /* Release */ = {
			isa = XCBuildConfiguration;
			baseConfigurationReference = B222C7F44E810CE33C97F843 /* Pods-PowerCardsUITests.release.xcconfig */;
			buildSettings = {
				ALWAYS_EMBED_SWIFT_STANDARD_LIBRARIES = YES;
				DEVELOPMENT_TEAM = FCGED7Q6S2;
				INFOPLIST_FILE = PowerCardsUITests/Info.plist;
				LD_RUNPATH_SEARCH_PATHS = "$(inherited) @executable_path/Frameworks @loader_path/Frameworks";
				PRODUCT_BUNDLE_IDENTIFIER = com.powercards.PowerCardsUITests;
				PRODUCT_NAME = "$(TARGET_NAME)";
				SWIFT_VERSION = 3.0;
				TEST_TARGET_NAME = PowerCards;
			};
			name = Release;
		};
/* End XCBuildConfiguration section */

/* Begin XCConfigurationList section */
		737357C91F509AAF00377EAD /* Build configuration list for PBXProject "PowerCards" */ = {
			isa = XCConfigurationList;
			buildConfigurations = (
				737357F41F509AAF00377EAD /* Debug */,
				737357F51F509AAF00377EAD /* Release */,
			);
			defaultConfigurationIsVisible = 0;
			defaultConfigurationName = Release;
		};
		737357F61F509AAF00377EAD /* Build configuration list for PBXNativeTarget "PowerCards" */ = {
			isa = XCConfigurationList;
			buildConfigurations = (
				737357F71F509AAF00377EAD /* Debug */,
				737357F81F509AAF00377EAD /* Release */,
			);
			defaultConfigurationIsVisible = 0;
			defaultConfigurationName = Release;
		};
		737357F91F509AAF00377EAD /* Build configuration list for PBXNativeTarget "PowerCardsTests" */ = {
			isa = XCConfigurationList;
			buildConfigurations = (
				737357FA1F509AAF00377EAD /* Debug */,
				737357FB1F509AAF00377EAD /* Release */,
			);
			defaultConfigurationIsVisible = 0;
			defaultConfigurationName = Release;
		};
		737357FC1F509AAF00377EAD /* Build configuration list for PBXNativeTarget "PowerCardsUITests" */ = {
			isa = XCConfigurationList;
			buildConfigurations = (
				737357FD1F509AAF00377EAD /* Debug */,
				737357FE1F509AAF00377EAD /* Release */,
			);
			defaultConfigurationIsVisible = 0;
			defaultConfigurationName = Release;
		};
/* End XCConfigurationList section */
	};
	rootObject = 737357C61F509AAF00377EAD /* Project object */;
}
